{
  "name": "wasm_build",
  "version": "0.0.0",
  "lockfileVersion": 1,
  "requires": true,
  "dependencies": {
    "base32768": {
      "version": "2.0.2",
      "resolved": "https://registry.npmjs.org/base32768/-/base32768-2.0.2.tgz",
      "integrity": "sha512-0QKwYLdhM2/5t3SYibZQRbGbSOcu7aptVx2jxasQhkbrhXXb3XxTmdWSsnFyDxT/906Cd4vqeltD+Rf6VSYPwQ=="
    }
  }
}
